
Microsoft Visual Studio Solution File, Format Version 12.00
# Visual Studio Version 17
VisualStudioVersion = 17.14.36301.6
MinimumVisualStudioVersion = 10.0.40219.1
Project("{FAE04EC0-301F-11D3-BF4B-00C04F79EFBC}") = "MyStore.Api", "MyStore.Api\MyStore.Api.csproj", "{C1520EBC-F15F-4CFC-A77E-A6045BC863C9}"
EndProject
Project("{FAE04EC0-301F-11D3-BF4B-00C04F79EFBC}") = "BFF", "BFF\BFF.csproj", "{9EB7D96E-39B6-4487-A3B6-2F7A82D61E2E}"
EndProject
Project("{FAE04EC0-301F-11D3-BF4B-00C04F79EFBC}") = "MyStore.AppHost", "MyStore.AppHost\MyStore.AppHost.csproj", "{E2AA11D1-62AC-43F1-98B1-EFDEE19548BE}"
EndProject
Project("{FAE04EC0-301F-11D3-BF4B-00C04F79EFBC}") = "MyStore.ServiceDefaults", "MyStore.ServiceDefaults\MyStore.ServiceDefaults.csproj", "{3B4E2C5C-3482-FAEE-B259-D3EE947B9631}"
EndProject
Project("{2150E333-8FDC-42A3-9474-1A3956D46DE8}") = "Aspire", "Aspire", "{02EA681E-C7D8-13C7-8484-4AC65E1B71E8}"
EndProject
Global
	GlobalSection(SolutionConfigurationPlatforms) = preSolution
		Debug|Any CPU = Debug|Any CPU
		Release|Any CPU = Release|Any CPU
	EndGlobalSection
	GlobalSection(ProjectConfigurationPlatforms) = postSolution
		{C1520EBC-F15F-4CFC-A77E-A6045BC863C9}.Debug|Any CPU.ActiveCfg = Debug|Any CPU
		{C1520EBC-F15F-4CFC-A77E-A6045BC863C9}.Debug|Any CPU.Build.0 = Debug|Any CPU
		{C1520EBC-F15F-4CFC-A77E-A6045BC863C9}.Release|Any CPU.ActiveCfg = Release|Any CPU
		{C1520EBC-F15F-4CFC-A77E-A6045BC863C9}.Release|Any CPU.Build.0 = Release|Any CPU
		{9EB7D96E-39B6-4487-A3B6-2F7A82D61E2E}.Debug|Any CPU.ActiveCfg = Debug|Any CPU
		{9EB7D96E-39B6-4487-A3B6-2F7A82D61E2E}.Debug|Any CPU.Build.0 = Debug|Any CPU
		{9EB7D96E-39B6-4487-A3B6-2F7A82D61E2E}.Release|Any CPU.ActiveCfg = Release|Any CPU
		{9EB7D96E-39B6-4487-A3B6-2F7A82D61E2E}.Release|Any CPU.Build.0 = Release|Any CPU
		{E2AA11D1-62AC-43F1-98B1-EFDEE19548BE}.Debug|Any CPU.ActiveCfg = Debug|Any CPU
		{E2AA11D1-62AC-43F1-98B1-EFDEE19548BE}.Debug|Any CPU.Build.0 = Debug|Any CPU
		{E2AA11D1-62AC-43F1-98B1-EFDEE19548BE}.Release|Any CPU.ActiveCfg = Release|Any CPU
		{E2AA11D1-62AC-43F1-98B1-EFDEE19548BE}.Release|Any CPU.Build.0 = Release|Any CPU
		{3B4E2C5C-3482-FAEE-B259-D3EE947B9631}.Debug|Any CPU.ActiveCfg = Debug|Any CPU
		{3B4E2C5C-3482-FAEE-B259-D3EE947B9631}.Debug|Any CPU.Build.0 = Debug|Any CPU
		{3B4E2C5C-3482-FAEE-B259-D3EE947B9631}.Release|Any CPU.ActiveCfg = Release|Any CPU
		{3B4E2C5C-3482-FAEE-B259-D3EE947B9631}.Release|Any CPU.Build.0 = Release|Any CPU
	EndGlobalSection
	GlobalSection(SolutionProperties) = preSolution
		HideSolutionNode = FALSE
	EndGlobalSection
	GlobalSection(NestedProjects) = preSolution
		{E2AA11D1-62AC-43F1-98B1-EFDEE19548BE} = {02EA681E-C7D8-13C7-8484-4AC65E1B71E8}
		{3B4E2C5C-3482-FAEE-B259-D3EE947B9631} = {02EA681E-C7D8-13C7-8484-4AC65E1B71E8}
	EndGlobalSection
	GlobalSection(ExtensibilityGlobals) = postSolution
		SolutionGuid = {6C1AFB33-93D3-459B-99D6-A8E1C128022C}
	EndGlobalSection
EndGlobal
