
Microsoft Visual Studio Solution File, Format Version 12.00
# Visual Studio Version 17
VisualStudioVersion = 17.14.36212.18 d17.14
MinimumVisualStudioVersion = 10.0.40219.1
Project("{FAE04EC0-301F-11D3-BF4B-00C04F79EFBC}") = "Api", "Api\Api.csproj", "{91E1B70A-BA19-4C8E-97ED-86DF793B2099}"
EndProject
Project("{FAE04EC0-301F-11D3-BF4B-00C04F79EFBC}") = "FilesApi", "FilesApi\FilesApi.csproj", "{AE720EA2-1EE1-4B8D-980D-8E273C338C1F}"
EndProject
Global
	GlobalSection(SolutionConfigurationPlatforms) = preSolution
		Debug|Any CPU = Debug|Any CPU
		Release|Any CPU = Release|Any CPU
	EndGlobalSection
	GlobalSection(ProjectConfigurationPlatforms) = postSolution
		{91E1B70A-BA19-4C8E-97ED-86DF793B2099}.Debug|Any CPU.ActiveCfg = Debug|Any CPU
		{91E1B70A-BA19-4C8E-97ED-86DF793B2099}.Debug|Any CPU.Build.0 = Debug|Any CPU
		{91E1B70A-BA19-4C8E-97ED-86DF793B2099}.Release|Any CPU.ActiveCfg = Release|Any CPU
		{91E1B70A-BA19-4C8E-97ED-86DF793B2099}.Release|Any CPU.Build.0 = Release|Any CPU
		{AE720EA2-1EE1-4B8D-980D-8E273C338C1F}.Debug|Any CPU.ActiveCfg = Debug|Any CPU
		{AE720EA2-1EE1-4B8D-980D-8E273C338C1F}.Debug|Any CPU.Build.0 = Debug|Any CPU
		{AE720EA2-1EE1-4B8D-980D-8E273C338C1F}.Release|Any CPU.ActiveCfg = Release|Any CPU
		{AE720EA2-1EE1-4B8D-980D-8E273C338C1F}.Release|Any CPU.Build.0 = Release|Any CPU
	EndGlobalSection
	GlobalSection(SolutionProperties) = preSolution
		HideSolutionNode = FALSE
	EndGlobalSection
	GlobalSection(ExtensibilityGlobals) = postSolution
		SolutionGuid = {B9915A33-B478-4E5B-BEA8-282FFB2A32E6}
	EndGlobalSection
EndGlobal
